
Microsoft Visual Studio Solution File, Format Version 12.00
# Visual Studio Version 17
VisualStudioVersion = 17.5.33414.496
MinimumVisualStudioVersion = 10.0.40219.1
Project("{9A19103F-16F7-4668-BE54-9A1E7A4F7556}") = "NUnitTestRunner", "src\NUnitTestRunner.csproj", "{4536FF8B-5856-4CAB-9B23-1DB7E186FC05}"
EndProject
Project("{FAE04EC0-301F-11D3-BF4B-00C04F79EFBC}") = "NUnitTestRunnerTests", "tests\NUnitTestRunnerTests\NUnitTestRunnerTests.csproj", "{617F5494-AB2F-4FF1-839F-74E15A38F36E}"
EndProject
Global
	GlobalSection(SolutionConfigurationPlatforms) = preSolution
		Debug|Any CPU = Debug|Any CPU
		Release|Any CPU = Release|Any CPU
	EndGlobalSection
	GlobalSection(ProjectConfigurationPlatforms) = postSolution
		{617F5494-AB2F-4FF1-839F-74E15A38F36E}.Debug|Any CPU.ActiveCfg = Debug|Any CPU
		{617F5494-AB2F-4FF1-839F-74E15A38F36E}.Debug|Any CPU.Build.0 = Debug|Any CPU
		{617F5494-AB2F-4FF1-839F-74E15A38F36E}.Release|Any CPU.ActiveCfg = Release|Any CPU
		{617F5494-AB2F-4FF1-839F-74E15A38F36E}.Release|Any CPU.Build.0 = Release|Any CPU
		{4536FF8B-5856-4CAB-9B23-1DB7E186FC05}.Debug|Any CPU.ActiveCfg = Debug|Any CPU
		{4536FF8B-5856-4CAB-9B23-1DB7E186FC05}.Debug|Any CPU.Build.0 = Debug|Any CPU
	EndGlobalSection
	GlobalSection(SolutionProperties) = preSolution
		HideSolutionNode = FALSE
	EndGlobalSection
	GlobalSection(ExtensibilityGlobals) = postSolution
		SolutionGuid = {FB6E7BF3-9D0A-4FD8-A13E-0E9B91A4D6FD}
	EndGlobalSection
EndGlobal
