
Microsoft Visual Studio Solution File, Format Version 12.00
# Visual Studio Version 17
VisualStudioVersion = 17.9.34622.214
MinimumVisualStudioVersion = 10.0.40219.1
Project("{9A19103F-16F7-4668-BE54-9A1E7A4F7556}") = "RhinoPlugin", "RhinoPlugin\RhinoPlugin.csproj", "{C5969102-399D-4BA4-BE1F-141F18947009}"
EndProject
Project("{9A19103F-16F7-4668-BE54-9A1E7A4F7556}") = "RhinoPlugin.Test", "RhinoPlugin.Test\RhinoPlugin.Test.csproj", "{8EDF4429-251A-416D-BB68-93F227191BCF}"
EndProject
Project("{9A19103F-16F7-4668-BE54-9A1E7A4F7556}") = "Rhino.Testing", "Rhino.Testing\src\Rhino.Testing.csproj", "{8E9BC9B6-EF24-4E13-B7D1-3F94ABB42BF9}"
EndProject
Global
	GlobalSection(SolutionConfigurationPlatforms) = preSolution
		Debug|Any CPU = Debug|Any CPU
		Debug|x64 = Debug|x64
		Release|Any CPU = Release|Any CPU
		Release|x64 = Release|x64
	EndGlobalSection
	GlobalSection(ProjectConfigurationPlatforms) = postSolution
		{C5969102-399D-4BA4-BE1F-141F18947009}.Debug|Any CPU.ActiveCfg = Debug|x64
		{C5969102-399D-4BA4-BE1F-141F18947009}.Debug|Any CPU.Build.0 = Debug|x64
		{C5969102-399D-4BA4-BE1F-141F18947009}.Debug|x64.ActiveCfg = Debug|x64
		{C5969102-399D-4BA4-BE1F-141F18947009}.Debug|x64.Build.0 = Debug|x64
		{C5969102-399D-4BA4-BE1F-141F18947009}.Release|Any CPU.ActiveCfg = Release|x64
		{C5969102-399D-4BA4-BE1F-141F18947009}.Release|Any CPU.Build.0 = Release|x64
		{C5969102-399D-4BA4-BE1F-141F18947009}.Release|x64.ActiveCfg = Release|x64
		{C5969102-399D-4BA4-BE1F-141F18947009}.Release|x64.Build.0 = Release|x64
		{8EDF4429-251A-416D-BB68-93F227191BCF}.Debug|Any CPU.ActiveCfg = Debug|Any CPU
		{8EDF4429-251A-416D-BB68-93F227191BCF}.Debug|Any CPU.Build.0 = Debug|Any CPU
		{8EDF4429-251A-416D-BB68-93F227191BCF}.Debug|x64.ActiveCfg = Debug|Any CPU
		{8EDF4429-251A-416D-BB68-93F227191BCF}.Debug|x64.Build.0 = Debug|Any CPU
		{8EDF4429-251A-416D-BB68-93F227191BCF}.Release|Any CPU.ActiveCfg = Release|Any CPU
		{8EDF4429-251A-416D-BB68-93F227191BCF}.Release|Any CPU.Build.0 = Release|Any CPU
		{8EDF4429-251A-416D-BB68-93F227191BCF}.Release|x64.ActiveCfg = Release|Any CPU
		{8EDF4429-251A-416D-BB68-93F227191BCF}.Release|x64.Build.0 = Release|Any CPU
		{8E9BC9B6-EF24-4E13-B7D1-3F94ABB42BF9}.Debug|Any CPU.ActiveCfg = Debug|Any CPU
		{8E9BC9B6-EF24-4E13-B7D1-3F94ABB42BF9}.Debug|Any CPU.Build.0 = Debug|Any CPU
		{8E9BC9B6-EF24-4E13-B7D1-3F94ABB42BF9}.Debug|x64.ActiveCfg = Debug|Any CPU
		{8E9BC9B6-EF24-4E13-B7D1-3F94ABB42BF9}.Debug|x64.Build.0 = Debug|Any CPU
		{8E9BC9B6-EF24-4E13-B7D1-3F94ABB42BF9}.Release|Any CPU.ActiveCfg = Release|Any CPU
		{8E9BC9B6-EF24-4E13-B7D1-3F94ABB42BF9}.Release|Any CPU.Build.0 = Release|Any CPU
		{8E9BC9B6-EF24-4E13-B7D1-3F94ABB42BF9}.Release|x64.ActiveCfg = Release|Any CPU
		{8E9BC9B6-EF24-4E13-B7D1-3F94ABB42BF9}.Release|x64.Build.0 = Release|Any CPU
	EndGlobalSection
	GlobalSection(SolutionProperties) = preSolution
		HideSolutionNode = FALSE
	EndGlobalSection
	GlobalSection(ExtensibilityGlobals) = postSolution
		SolutionGuid = {AB1C1461-1EB2-4AAC-A9C7-02BD59103661}
	EndGlobalSection
EndGlobal
